
Microsoft Visual Studio Solution File, Format Version 12.00
# Visual Studio Version 17
VisualStudioVersion = 17.6.33829.357
MinimumVisualStudioVersion = 10.0.40219.1
Project("{FAE04EC0-301F-11D3-BF4B-00C04F79EFBC}") = "MdPl", "MdPl\MdPl.csproj", "{FC1171A0-9DBE-47E6-B981-071545168949}"
EndProject
Global
	GlobalSection(SolutionConfigurationPlatforms) = preSolution
		Debug|Any CPU = Debug|Any CPU
		Release|Any CPU = Release|Any CPU
	EndGlobalSection
	GlobalSection(ProjectConfigurationPlatforms) = postSolution
		{FC1171A0-9DBE-47E6-B981-071545168949}.Debug|Any CPU.ActiveCfg = Debug|Any CPU
		{FC1171A0-9DBE-47E6-B981-071545168949}.Debug|Any CPU.Build.0 = Debug|Any CPU
		{FC1171A0-9DBE-47E6-B981-071545168949}.Release|Any CPU.ActiveCfg = Release|Any CPU
		{FC1171A0-9DBE-47E6-B981-071545168949}.Release|Any CPU.Build.0 = Release|Any CPU
	EndGlobalSection
	GlobalSection(SolutionProperties) = preSolution
		HideSolutionNode = FALSE
	EndGlobalSection
	GlobalSection(ExtensibilityGlobals) = postSolution
		SolutionGuid = {7D2597C0-8C02-452D-966B-8BF06F30DCCF}
	EndGlobalSection
EndGlobal
